{
  "version": 4,
  "terraform_version": "1.7.5",
  "serial": 376,
  "lineage": "75f73593-a348-7e55-9afb-b12842c0ab83",
  "outputs": {
    "application_ip": {
      "value": "35.91.235.63",
      "type": "string"
    }
  },
  "resources": [
    {
      "mode": "data",
      "type": "aws_ami",
      "name": "ubuntu",
      "provider": "provider[\"registry.terraform.io/hashicorp/aws\"]",
      "instances": [
        {
          "schema_version": 0,
          "attributes": {
            "architecture": "x86_64",
            "arn": "arn:aws:ec2:us-west-2::image/ami-07fe743f8d6d95a40",
            "block_device_mappings": [
              {
                "device_name": "/dev/sda1",
                "ebs": {
                  "delete_on_termination": "true",
                  "encrypted": "false",
                  "iops": "0",
                  "snapshot_id": "snap-0e06f3dd8ca024369",
                  "throughput": "0",
                  "volume_size": "8",
                  "volume_type": "gp2"
                },
                "no_device": "",
                "virtual_name": ""
              },
              {
                "device_name": "/dev/sdb",
                "ebs": {},
                "no_device": "",
                "virtual_name": "ephemeral0"
              },
              {
                "device_name": "/dev/sdc",
                "ebs": {},
                "no_device": "",
                "virtual_name": "ephemeral1"
              }
            ],
            "boot_mode": "legacy-bios",
            "creation_date": "2024-03-21T22:43:51.000Z",
            "deprecation_time": "2026-03-21T22:43:51.000Z",
            "description": "Canonical, Ubuntu, 20.04 LTS, amd64 focal image build on 2024-03-21",
            "ena_support": true,
            "executable_users": null,
            "filter": [
              {
                "name": "name",
                "values": [
                  "ubuntu/images/hvm-ssd/ubuntu-focal-20.04-amd64-server-*"
                ]
              },
              {
                "name": "virtualization-type",
                "values": [
                  "hvm"
                ]
              }
            ],
            "hypervisor": "xen",
            "id": "ami-07fe743f8d6d95a40",
            "image_id": "ami-07fe743f8d6d95a40",
            "image_location": "amazon/ubuntu/images/hvm-ssd/ubuntu-focal-20.04-amd64-server-20240321",
            "image_owner_alias": "amazon",
            "image_type": "machine",
            "imds_support": "",
            "include_deprecated": false,
            "kernel_id": "",
            "most_recent": true,
            "name": "ubuntu/images/hvm-ssd/ubuntu-focal-20.04-amd64-server-20240321",
            "name_regex": null,
            "owner_id": "099720109477",
            "owners": [
              "099720109477"
            ],
            "platform": "",
            "platform_details": "Linux/UNIX",
            "product_codes": [],
            "public": true,
            "ramdisk_id": "",
            "root_device_name": "/dev/sda1",
            "root_device_type": "ebs",
            "root_snapshot_id": "snap-0e06f3dd8ca024369",
            "sriov_net_support": "simple",
            "state": "available",
            "state_reason": {
              "code": "UNSET",
              "message": "UNSET"
            },
            "tags": {},
            "timeouts": null,
            "tpm_support": "",
            "usage_operation": "RunInstances",
            "virtualization_type": "hvm"
          },
          "sensitive_attributes": []
        }
      ]
    },
    {
      "mode": "data",
      "type": "aws_ecr_authorization_token",
      "name": "go_server",
      "provider": "provider[\"registry.terraform.io/hashicorp/aws\"]",
      "instances": [
        {
          "schema_version": 0,
          "attributes": {
            "authorization_token": "QVdTOmV5SndZWGxzYjJGa0lqb2lRM1k0Um1SYWFrMTNkbU0yWkdSM1ZYZDVXbTRyYUZwaWJ6RjVaRXBpYW5CM1NuZE5NMGRKY1hoNldtVlNORzFEUVhCdGFuUkZVRkV5ZDJSaVVsSlVLM2xJV2k5Q1ZuVktibTVPVURaNFExSmxjazgxUjBoS1FrWTNjRWRNTlhrd1RrRk1MekJLSzNaTVpVUldaMVJtVW10dWNVOVliRVFyU0RKQlFWSjZkRk5UU2pST1dVOVVMM0UwWW5kV2FrRnRNVkp0Y2tSdlVDODVTR1JFT0M5aWRtcDZZMVZsZDJKNFNFZHhhelZSUzJGT1luWlhSVEZJZEVWQldHcHNNRFZvVlRFeFRGUk5WVU55ZVdwdlVVTmlOVTUwZEdwTVdHeEROVzVxTkRsTlIxSldMMjlyYUZOaFpUaEJWMnhMT0V0YVMybFJVa3hsY0ZOcE5VTnNLM1IwZDA5VE4wdEliRTF3YW1OQk5URlBNRmxKTVdGVFdWZHdaRmd3ZEdWSk4wUlFaVEYwYWpsdWNGSlRRbk5uT1dsblF6aG9ZemhTTW1RcldXVlhaazF0YVRGaWJTdEhNRU5vTUhGRk5WVnlVVTl5Tkd3M05VaDFibU5ZY21wR1RsUm9TVUZaTmxwU2JGaFJkRVZaVURCVGRHMUtkbTAzYTB0U1lTdFNjRzVKUjFCbFRGRXdZMDVPTWtGREsza3lXREJsUzJoRVVrYzNVV1JxWmxadE1IazBMMnh4TlhKMmNXUnRPR3BQYmtsRlNXRmtTVFYyTm5sd2NGbHFhVU51VG1sRVVVUmtRVk5WU21OMlRWSk5Sa1p6VDBjM0sweFZZekkxSzB0Q2RqRmxjalJ2YkhsRlNHOVZkWFpoVUV0UlIyNHlXVTFCYUcwMmJYTndPREpqY25wRmJsTkplamcwZVdweVdGZFVWRGxQV21sbVpHRjVWM012TUROb2FuUkJhbkE0T0dkdFVsSmxSV2RMTkRkWldGaHFUR2R3YVdKemMyZFNhSFJ1Vm1Zd09XOVJObk4zYzFkb01sWlZLeXMzZWpsSVdYaExSbXRuWTJ0SVdIQXhWMUpNWVVWSmRFRmliVzVVV0hoNVdEZDNXSFJWYkVWUVYyODFURmRpUlhoWVRVTkhORmhNV0dSQ1ZEaHhNak14VGxKc1VtNVhSbU01VVdVcmVuZEdOR3A0T1ZWRGJXUjFjMWh0WjJGalRqRmxRVGRNVEdkVGRFTnJMeTlVWWpRdk1UaG5hMGxqT1hkcVJUZEpNV1p2U2xGclFVaHZUVVZ1UkVkSmVXVmxPRTlaTkVkVU5teHBkV3RhUVhSalIxQm9NSEZyVGk5dGNFTk5hazV1Ums5MWVrMW5VVE5MUXpCQ2RWaFRlSEZ3UWxKWVluTXpTbkoyUTJSMWF6TnlhVFp5Y3pGRlZFOXhWVkpqV1dVNVdsVllMMDVHUm5oUU9WVktUR3hpVXpKdlZ6VTFObVJuVlhjMWFqRldMemQwYzJKamEySXlVMFJ6V1dSS1dXeHhja3RVUWpselZtZG5PRFJ2V1hKdFEycEtOWEUzVW1WbU1XMVZZVFYyU25KNllqUlZhSGRrVkRWdE9IQnlaM0ZyZVd3MlRFaGxkalZxWlRGa1JHNWlZMkYwYWxaV1YzVXZaamxVYlZwcFYxTnNhbEpCYjFONGJWaGFSbmxuWW10T2FFMDJVVXBZTm01SlNrWnlUM2w1U25CMWFYSktiMkV5YlZWWVZHOWpWMlEzT0hGSUwzWkRNakpwVTFsTllVRnRSVlJ1V2t4RVNGUlpNbkp0TlhjelZITklRM2sxVGxkUVNuTm1SMHhvVTJRelpIUlhSVzQ0YVdrMk1WTllZV05wUmtWSmIxVm1VVkJuTVhjOVBTSXNJbVJoZEdGclpYa2lPaUpCVVVWQ1FVaHFObXhqTkZoSlNuY3ZOMnh1TUVoak1EQkVUV1ZyTmtkRmVFaERZbGswVWtsd1ZFMURTVFU0U1c1VmQwRkJRVWcwZDJaQldVcExiMXBKYUhaalRrRlJZMGR2UnpoM1lsRkpRa0ZFUW05Q1oydHhhR3RwUnpsM01FSkNkMFYzU0dkWlNsbEpXa2xCVjFWRVFrRkZkVTFDUlVWRVJFSXpibGszVVdsME1YSTFaVzV0VW1kSlFrVkpRVGRzZUVNemNuQTRVVkEyYjFoNVpYQjVVWHB0VFZWWE1HUlZXVXRxVVhkaFpsUXZTMlExWm1GQ1NrMXBOMlIzU3pSbVdYRTVRbkUxVDJSS2FVTnpkVVZqYjJsM1dYbzVSVzFEYVU1SFRXbFJQU0lzSW5abGNuTnBiMjRpT2lJeUlpd2lkSGx3WlNJNklrUkJWRUZmUzBWWklpd2laWGh3YVhKaGRHbHZiaUk2TVRjeE16RTNNakF4TjMwPQ==",
            "expires_at": "2024-04-15T09:06:57Z",
            "id": "us-west-2",
            "password": "eyJwYXlsb2FkIjoiQ3Y4RmRaak13dmM2ZGR3VXd5Wm4raFpibzF5ZEpianB3SndNM0dJcXh6WmVSNG1DQXBtanRFUFEyd2RiUlJUK3lIWi9CVnVKbm5OUDZ4Q1Jlck81R0hKQkY3cEdMNXkwTkFMLzBKK3ZMZURWZ1RmUmtucU9YbEQrSDJBQVJ6dFNTSjROWU9UL3E0YndWakFtMVJtckRvUC85SGREOC9idmp6Y1Vld2J4SEdxazVRS2FOYnZXRTFIdEVBWGpsMDVoVTExTFRNVUNyeWpvUUNiNU50dGpMWGxDNW5qNDlNR1JWL29raFNhZThBV2xLOEtaS2lRUkxlcFNpNUNsK3R0d09TN0tIbE1wamNBNTFPMFlJMWFTWVdwZFgwdGVJN0RQZTF0ajlucFJTQnNnOWlnQzhoYzhSMmQrWWVXZk1taTFibStHMENoMHFFNVVyUU9yNGw3NUh1bmNYcmpGTlRoSUFZNlpSbFhRdEVZUDBTdG1Kdm03a0tSYStScG5JR1BlTFEwY05OMkFDK3kyWDBlS2hEUkc3UWRqZlZtMHk0L2xxNXJ2cWRtOGpPbklFSWFkSTV2NnlwcFlqaUNuTmlEUURkQVNVSmN2TVJNRkZzT0c3K0xVYzI1K0tCdjFlcjRvbHlFSG9VdXZhUEtRR24yWU1BaG02bXNwODJjcnpFblNJejg0eWpyWFdUVDlPWmlmZGF5V3MvMDNoanRBanA4OGdtUlJlRWdLNDdZWFhqTGdwaWJzc2dSaHRuVmYwOW9RNnN3c1doMlZVKys3ejlIWXhLRmtnY2tIWHAxV1JMYUVJdEFibW5UWHh5WDd3WHRVbEVQV281TFdiRXhYTUNHNFhMWGRCVDhxMjMxTlJsUm5XRmM5UWUrendGNGp4OVVDbWR1c1htZ2FjTjFlQTdMTGdTdENrLy9UYjQvMThna0ljOXdqRTdJMWZvSlFrQUhvTUVuREdJeWVlOE9ZNEdUNmxpdWtaQXRjR1BoMHFrTi9tcENNak5uRk91ek1nUTNLQzBCdVhTeHFwQlJYYnMzSnJ2Q2R1azNyaTZyczFFVE9xVVJjWWU5WlVYL05GRnhQOVVKTGxiUzJvVzU1NmRnVXc1ajFWLzd0c2Jja2IyU0RzWWRKWWxxcktUQjlzVmdnODRvWXJtQ2pKNXE3UmVmMW1VYTV2SnJ6YjRVaHdkVDVtOHByZ3FreWw2TEhldjVqZTFkRG5iY2F0alZWV3UvZjlUbVppV1NsalJBb1N4bVhaRnlnYmtOaE02UUpYNm5JSkZyT3l5SnB1aXJKb2EybVVYVG9jV2Q3OHFIL3ZDMjJpU1lNYUFtRVRuWkxESFRZMnJtNXczVHNIQ3k1TldQSnNmR0xoU2QzZHRXRW44aWk2MVNYYWNpRkVJb1VmUVBnMXc9PSIsImRhdGFrZXkiOiJBUUVCQUhqNmxjNFhJSncvN2xuMEhjMDBETWVrNkdFeEhDYlk0UklwVE1DSTU4SW5Vd0FBQUg0d2ZBWUpLb1pJaHZjTkFRY0dvRzh3YlFJQkFEQm9CZ2txaGtpRzl3MEJCd0V3SGdZSllJWklBV1VEQkFFdU1CRUVEREIzblk3UWl0MXI1ZW5tUmdJQkVJQTdseEMzcnA4UVA2b1h5ZXB5UXptTVVXMGRVWUtqUXdhZlQvS2Q1ZmFCSk1pN2R3SzRmWXE5QnE1T2RKaUNzdUVjb2l3WXo5RW1DaU5HTWlRPSIsInZlcnNpb24iOiIyIiwidHlwZSI6IkRBVEFfS0VZIiwiZXhwaXJhdGlvbiI6MTcxMzE3MjAxN30=",
            "proxy_endpoint": "https://533266956918.dkr.ecr.us-west-2.amazonaws.com",
            "registry_id": "533266956918",
            "user_name": "AWS"
          },
          "sensitive_attributes": []
        }
      ]
    },
    {
      "mode": "data",
      "type": "aws_iam_policy_document",
      "name": "assume_role_ec2_policy_document",
      "provider": "provider[\"registry.terraform.io/hashicorp/aws\"]",
      "instances": [
        {
          "schema_version": 0,
          "attributes": {
            "id": "2851119427",
            "json": "{\n  \"Version\": \"2012-10-17\",\n  \"Statement\": [\n    {\n      \"Effect\": \"Allow\",\n      \"Action\": \"sts:AssumeRole\",\n      \"Principal\": {\n        \"Service\": \"ec2.amazonaws.com\"\n      }\n    }\n  ]\n}",
            "override_json": null,
            "override_policy_documents": null,
            "policy_id": null,
            "source_json": null,
            "source_policy_documents": null,
            "statement": [
              {
                "actions": [
                  "sts:AssumeRole"
                ],
                "condition": [],
                "effect": "Allow",
                "not_actions": [],
                "not_principals": [],
                "not_resources": [],
                "principals": [
                  {
                    "identifiers": [
                      "ec2.amazonaws.com"
                    ],
                    "type": "Service"
                  }
                ],
                "resources": [],
                "sid": ""
              }
            ],
            "version": "2012-10-17"
          },
          "sensitive_attributes": []
        }
      ]
    },
    {
      "mode": "data",
      "type": "aws_iam_policy_document",
      "name": "bco_images_policy",
      "provider": "provider[\"registry.terraform.io/hashicorp/aws\"]",
      "instances": [
        {
          "schema_version": 0,
          "attributes": {
            "id": "1692071102",
            "json": "{\n  \"Version\": \"2012-10-17\",\n  \"Id\": \"dev-bco-images-policy\",\n  \"Statement\": [\n    {\n      \"Sid\": \"S3BCOPublicAccess\",\n      \"Effect\": \"Allow\",\n      \"Action\": \"s3:GetObject\",\n      \"Resource\": \"arn:aws:s3:::dev-bco-images/*\",\n      \"Principal\": \"*\"\n    }\n  ]\n}",
            "override_json": null,
            "override_policy_documents": null,
            "policy_id": "dev-bco-images-policy",
            "source_json": null,
            "source_policy_documents": null,
            "statement": [
              {
                "actions": [
                  "s3:GetObject"
                ],
                "condition": [],
                "effect": "Allow",
                "not_actions": [],
                "not_principals": [],
                "not_resources": [],
                "principals": [
                  {
                    "identifiers": [
                      "*"
                    ],
                    "type": "*"
                  }
                ],
                "resources": [
                  "arn:aws:s3:::dev-bco-images/*"
                ],
                "sid": "S3BCOPublicAccess"
              }
            ],
            "version": "2012-10-17"
          },
          "sensitive_attributes": []
        }
      ]
    },
    {
      "mode": "data",
      "type": "aws_iam_policy_document",
      "name": "ecr_access_policy_document",
      "provider": "provider[\"registry.terraform.io/hashicorp/aws\"]",
      "instances": [
        {
          "schema_version": 0,
          "attributes": {
            "id": "1436687010",
            "json": "{\n  \"Version\": \"2012-10-17\",\n  \"Statement\": [\n    {\n      \"Effect\": \"Allow\",\n      \"Action\": \"ecr:BatchGetImage\",\n      \"Resource\": \"*\"\n    }\n  ]\n}",
            "override_json": null,
            "override_policy_documents": null,
            "policy_id": null,
            "source_json": null,
            "source_policy_documents": null,
            "statement": [
              {
                "actions": [
                  "ecr:BatchGetImage"
                ],
                "condition": [],
                "effect": "Allow",
                "not_actions": [],
                "not_principals": [],
                "not_resources": [],
                "principals": [],
                "resources": [
                  "*"
                ],
                "sid": ""
              }
            ],
            "version": "2012-10-17"
          },
          "sensitive_attributes": []
        }
      ]
    },
    {
      "mode": "data",
      "type": "aws_iam_policy_document",
      "name": "ecr_policy",
      "provider": "provider[\"registry.terraform.io/hashicorp/aws\"]",
      "instances": [
        {
          "schema_version": 0,
          "attributes": {
            "id": "4181345469",
            "json": "{\n  \"Version\": \"2012-10-17\",\n  \"Statement\": [\n    {\n      \"Effect\": \"Allow\",\n      \"Action\": [\n        \"ecr:UploadLayerPart\",\n        \"ecr:SetRepositoryPolicy\",\n        \"ecr:PutImage\",\n        \"ecr:ListImages\",\n        \"ecr:InitiateLayerUpload\",\n        \"ecr:GetRepositoryPolicy\",\n        \"ecr:GetDownloadUrlForLayer\",\n        \"ecr:DescribeRepositories\",\n        \"ecr:DeleteRepositoryPolicy\",\n        \"ecr:DeleteRepository\",\n        \"ecr:CompleteLayerUpload\",\n        \"ecr:BatchGetImage\",\n        \"ecr:BatchDeleteImage\",\n        \"ecr:BatchCheckLayerAvailability\"\n      ],\n      \"Principal\": \"*\"\n    }\n  ]\n}",
            "override_json": null,
            "override_policy_documents": null,
            "policy_id": null,
            "source_json": null,
            "source_policy_documents": null,
            "statement": [
              {
                "actions": [
                  "ecr:BatchCheckLayerAvailability",
                  "ecr:BatchDeleteImage",
                  "ecr:BatchGetImage",
                  "ecr:CompleteLayerUpload",
                  "ecr:DeleteRepository",
                  "ecr:DeleteRepositoryPolicy",
                  "ecr:DescribeRepositories",
                  "ecr:GetDownloadUrlForLayer",
                  "ecr:GetRepositoryPolicy",
                  "ecr:InitiateLayerUpload",
                  "ecr:ListImages",
                  "ecr:PutImage",
                  "ecr:SetRepositoryPolicy",
                  "ecr:UploadLayerPart"
                ],
                "condition": [],
                "effect": "Allow",
                "not_actions": [],
                "not_principals": [],
                "not_resources": [],
                "principals": [
                  {
                    "identifiers": [
                      "*"
                    ],
                    "type": "*"
                  }
                ],
                "resources": [],
                "sid": ""
              }
            ],
            "version": "2012-10-17"
          },
          "sensitive_attributes": []
        }
      ]
    },
    {
      "mode": "managed",
      "type": "aws_apigatewayv2_api",
      "name": "bco_images_relay",
      "provider": "provider[\"registry.terraform.io/hashicorp/aws\"]",
      "instances": [
        {
          "schema_version": 0,
          "attributes": {
            "api_endpoint": "https://97xfuxi9ah.execute-api.us-west-2.amazonaws.com",
            "api_key_selection_expression": "$request.header.x-api-key",
            "arn": "arn:aws:apigateway:us-west-2::/apis/97xfuxi9ah",
            "body": null,
            "cors_configuration": [],
            "credentials_arn": null,
            "description": "",
            "disable_execute_api_endpoint": false,
            "execution_arn": "arn:aws:execute-api:us-west-2:533266956918:97xfuxi9ah",
            "fail_on_warnings": null,
            "id": "97xfuxi9ah",
            "name": "dev-bco-images-relay",
            "protocol_type": "HTTP",
            "route_key": null,
            "route_selection_expression": "$request.method $request.path",
            "tags": {},
            "tags_all": {},
            "target": null,
            "version": ""
          },
          "sensitive_attributes": [],
          "private": "bnVsbA=="
        }
      ]
    },
    {
      "mode": "managed",
      "type": "aws_apigatewayv2_authorizer",
      "name": "bco_images_relay",
      "provider": "provider[\"registry.terraform.io/hashicorp/aws\"]",
      "instances": [
        {
          "schema_version": 0,
          "attributes": {
            "api_id": "97xfuxi9ah",
            "authorizer_credentials_arn": "",
            "authorizer_payload_format_version": "",
            "authorizer_result_ttl_in_seconds": 0,
            "authorizer_type": "JWT",
            "authorizer_uri": "",
            "enable_simple_responses": false,
            "id": "r7n6nj",
            "identity_sources": [
              "$request.header.Authorization"
            ],
            "jwt_configuration": [
              {
                "audience": [
                  "5tbt4vvhsrkqnif6js92lu51a2"
                ],
                "issuer": "https://cognito-idp.us-west-2.amazonaws.com/us-west-2_3Ju0VjTAr"
              }
            ],
            "name": "dev-bco-images-relay-authorizer"
          },
          "sensitive_attributes": [],
          "private": "bnVsbA==",
          "dependencies": [
            "aws_apigatewayv2_api.bco_images_relay",
            "aws_cognito_user_pool.bco_pool",
            "aws_cognito_user_pool_client.bco_pool_client"
          ]
        }
      ]
    },
    {
      "mode": "managed",
      "type": "aws_apigatewayv2_integration",
      "name": "bco_images_relay",
      "provider": "provider[\"registry.terraform.io/hashicorp/aws\"]",
      "instances": [
        {
          "schema_version": 0,
          "attributes": {
            "api_id": "97xfuxi9ah",
            "connection_id": "",
            "connection_type": "INTERNET",
            "content_handling_strategy": "",
            "credentials_arn": "",
            "description": "",
            "id": "25cycnh",
            "integration_method": "POST",
            "integration_response_selection_expression": "",
            "integration_subtype": "",
            "integration_type": "AWS_PROXY",
            "integration_uri": "arn:aws:apigateway:us-west-2:lambda:path/2015-03-31/functions/arn:aws:lambda:us-west-2:533266956918:function:dev-bco-images-relay/invocations",
            "passthrough_behavior": "",
            "payload_format_version": "1.0",
            "request_parameters": {},
            "request_templates": {},
            "response_parameters": [],
            "template_selection_expression": "",
            "timeout_milliseconds": 30000,
            "tls_config": []
          },
          "sensitive_attributes": [],
          "private": "bnVsbA==",
          "dependencies": [
            "aws_apigatewayv2_api.bco_images_relay",
            "aws_iam_role.bco_images_relay",
            "aws_lambda_function.bco_images_relay",
            "aws_s3_bucket.bco_functions",
            "aws_s3_bucket.bco_images_private"
          ]
        }
      ]
    },
    {
      "mode": "managed",
      "type": "aws_apigatewayv2_route",
      "name": "bco_images_relay",
      "provider": "provider[\"registry.terraform.io/hashicorp/aws\"]",
      "instances": [
        {
          "schema_version": 0,
          "attributes": {
            "api_id": "97xfuxi9ah",
            "api_key_required": false,
            "authorization_scopes": [],
            "authorization_type": "JWT",
            "authorizer_id": "r7n6nj",
            "id": "qp30r7s",
            "model_selection_expression": "",
            "operation_name": "",
            "request_models": {},
            "request_parameter": [],
            "route_key": "$default",
            "route_response_selection_expression": "",
            "target": "integrations/25cycnh"
          },
          "sensitive_attributes": [],
          "private": "bnVsbA==",
          "dependencies": [
            "aws_apigatewayv2_api.bco_images_relay",
            "aws_apigatewayv2_authorizer.bco_images_relay",
            "aws_apigatewayv2_integration.bco_images_relay",
            "aws_cognito_user_pool.bco_pool",
            "aws_cognito_user_pool_client.bco_pool_client",
            "aws_iam_role.bco_images_relay",
            "aws_lambda_function.bco_images_relay",
            "aws_s3_bucket.bco_functions",
            "aws_s3_bucket.bco_images_private"
          ]
        }
      ]
    },
    {
      "mode": "managed",
      "type": "aws_apigatewayv2_stage",
      "name": "bco_images_relay",
      "provider": "provider[\"registry.terraform.io/hashicorp/aws\"]",
      "instances": [
        {
          "schema_version": 0,
          "attributes": {
            "access_log_settings": [],
            "api_id": "97xfuxi9ah",
            "arn": "arn:aws:apigateway:us-west-2::/apis/97xfuxi9ah/stages/$default",
            "auto_deploy": true,
            "client_certificate_id": "",
            "default_route_settings": [
              {
                "data_trace_enabled": false,
                "detailed_metrics_enabled": false,
                "logging_level": "",
                "throttling_burst_limit": 0,
                "throttling_rate_limit": 0
              }
            ],
            "deployment_id": "hmp8v7",
            "description": "",
            "execution_arn": "arn:aws:execute-api:us-west-2:533266956918:97xfuxi9ah/$default",
            "id": "$default",
            "invoke_url": "https://97xfuxi9ah.execute-api.us-west-2.amazonaws.com/",
            "name": "$default",
            "route_settings": [],
            "stage_variables": {},
            "tags": {},
            "tags_all": {}
          },
          "sensitive_attributes": [],
          "private": "bnVsbA==",
          "dependencies": [
            "aws_apigatewayv2_api.bco_images_relay"
          ]
        }
      ]
    },
    {
      "mode": "managed",
      "type": "aws_cognito_user",
      "name": "cognito_user_elliot",
      "provider": "provider[\"registry.terraform.io/hashicorp/aws\"]",
      "instances": [
        {
          "schema_version": 0,
          "attributes": {
            "attributes": {
              "email": "mpbyrne@gmail.com",
              "email_verified": "true",
              "sub": "99dbf920-283d-44d4-b631-fee964984571"
            },
            "client_metadata": null,
            "creation_date": "2024-03-30T21:02:48Z",
            "desired_delivery_mediums": null,
            "enabled": true,
            "force_alias_creation": null,
            "id": "us-west-2_3Ju0VjTAr/elliot",
            "last_modified_date": "2024-03-30T21:07:23Z",
            "message_action": null,
            "mfa_setting_list": [],
            "password": null,
            "preferred_mfa_setting": "",
            "status": "CONFIRMED",
            "sub": "99dbf920-283d-44d4-b631-fee964984571",
            "temporary_password": "Password1234!",
            "user_pool_id": "us-west-2_3Ju0VjTAr",
            "username": "elliot",
            "validation_data": null
          },
          "sensitive_attributes": [],
          "private": "bnVsbA==",
          "dependencies": [
            "aws_cognito_user_pool.bco_pool"
          ]
        }
      ]
    },
    {
      "mode": "managed",
      "type": "aws_cognito_user",
      "name": "cognito_user_gofreescout",
      "provider": "provider[\"registry.terraform.io/hashicorp/aws\"]",
      "instances": [
        {
          "schema_version": 0,
          "attributes": {
            "attributes": {
              "email": "mpbyrne@gmail.com",
              "email_verified": "true",
              "sub": "922a468b-a93b-41dd-b06e-0232af8e13f3"
            },
            "client_metadata": null,
            "creation_date": "2024-03-30T21:02:48Z",
            "desired_delivery_mediums": null,
            "enabled": true,
            "force_alias_creation": null,
            "id": "us-west-2_3Ju0VjTAr/gofreescout",
            "last_modified_date": "2024-03-30T21:07:10Z",
            "message_action": null,
            "mfa_setting_list": [],
            "password": null,
            "preferred_mfa_setting": "",
            "status": "CONFIRMED",
            "sub": "922a468b-a93b-41dd-b06e-0232af8e13f3",
            "temporary_password": "Password1234!",
            "user_pool_id": "us-west-2_3Ju0VjTAr",
            "username": "gofreescout",
            "validation_data": null
          },
          "sensitive_attributes": [],
          "private": "bnVsbA==",
          "dependencies": [
            "aws_cognito_user_pool.bco_pool"
          ]
        }
      ]
    },
    {
      "mode": "managed",
      "type": "aws_cognito_user_pool",
      "name": "bco_pool",
      "provider": "provider[\"registry.terraform.io/hashicorp/aws\"]",
      "instances": [
        {
          "schema_version": 0,
          "attributes": {
            "account_recovery_setting": [
              {
                "recovery_mechanism": [
                  {
                    "name": "verified_email",
                    "priority": 1
                  }
                ]
              }
            ],
            "admin_create_user_config": [
              {
                "allow_admin_create_user_only": true,
                "invite_message_template": []
              }
            ],
            "alias_attributes": null,
            "arn": "arn:aws:cognito-idp:us-west-2:533266956918:userpool/us-west-2_3Ju0VjTAr",
            "auto_verified_attributes": [],
            "creation_date": "2024-03-30T20:53:30Z",
            "custom_domain": "",
            "deletion_protection": "INACTIVE",
            "device_configuration": [],
            "domain": "",
            "email_configuration": [
              {
                "configuration_set": "",
                "email_sending_account": "COGNITO_DEFAULT",
                "from_email_address": "",
                "reply_to_email_address": "",
                "source_arn": ""
              }
            ],
            "email_verification_message": "",
            "email_verification_subject": "",
            "endpoint": "cognito-idp.us-west-2.amazonaws.com/us-west-2_3Ju0VjTAr",
            "estimated_number_of_users": 2,
            "id": "us-west-2_3Ju0VjTAr",
            "lambda_config": [],
            "last_modified_date": "2024-03-30T20:53:30Z",
            "mfa_configuration": "OFF",
            "name": "dev-bco-pool",
            "password_policy": [
              {
                "minimum_length": 8,
                "require_lowercase": true,
                "require_numbers": true,
                "require_symbols": true,
                "require_uppercase": true,
                "temporary_password_validity_days": 7
              }
            ],
            "schema": [],
            "sms_authentication_message": "",
            "sms_configuration": [],
            "sms_verification_message": "",
            "software_token_mfa_configuration": [],
            "tags": {},
            "tags_all": {},
            "user_attribute_update_settings": [],
            "user_pool_add_ons": [],
            "username_attributes": [],
            "username_configuration": [],
            "verification_message_template": [
              {
                "default_email_option": "CONFIRM_WITH_CODE",
                "email_message": "",
                "email_message_by_link": "",
                "email_subject": "",
                "email_subject_by_link": "",
                "sms_message": ""
              }
            ]
          },
          "sensitive_attributes": [],
          "private": "bnVsbA=="
        }
      ]
    },
    {
      "mode": "managed",
      "type": "aws_cognito_user_pool_client",
      "name": "bco_pool_client",
      "provider": "provider[\"registry.terraform.io/hashicorp/aws\"]",
      "instances": [
        {
          "schema_version": 0,
          "attributes": {
            "access_token_validity": 0,
            "allowed_oauth_flows": [],
            "allowed_oauth_flows_user_pool_client": false,
            "allowed_oauth_scopes": [],
            "analytics_configuration": [],
            "auth_session_validity": 3,
            "callback_urls": [],
            "client_secret": "",
            "default_redirect_uri": "",
            "enable_propagate_additional_user_context_data": false,
            "enable_token_revocation": true,
            "explicit_auth_flows": [
              "ALLOW_REFRESH_TOKEN_AUTH",
              "ALLOW_USER_PASSWORD_AUTH"
            ],
            "generate_secret": false,
            "id": "5tbt4vvhsrkqnif6js92lu51a2",
            "id_token_validity": 0,
            "logout_urls": [],
            "name": "dev-bco-pool-client",
            "prevent_user_existence_errors": "",
            "read_attributes": [],
            "refresh_token_validity": 30,
            "supported_identity_providers": [
              "COGNITO"
            ],
            "token_validity_units": [],
            "user_pool_id": "us-west-2_3Ju0VjTAr",
            "write_attributes": []
          },
          "sensitive_attributes": [],
          "dependencies": [
            "aws_cognito_user_pool.bco_pool"
          ]
        }
      ]
    },
    {
      "mode": "managed",
      "type": "aws_db_instance",
      "name": "gbd_postgres",
      "provider": "provider[\"registry.terraform.io/hashicorp/aws\"]",
      "instances": [
        {
          "schema_version": 2,
          "attributes": {
            "address": "gbd.cjumgo2q6z1h.us-west-2.rds.amazonaws.com",
            "allocated_storage": 20,
            "allow_major_version_upgrade": null,
            "apply_immediately": false,
            "arn": "arn:aws:rds:us-west-2:533266956918:db:gbd",
            "auto_minor_version_upgrade": true,
            "availability_zone": "us-west-2a",
            "backup_retention_period": 0,
            "backup_target": "region",
            "backup_window": "12:19-12:49",
            "blue_green_update": [],
            "ca_cert_identifier": "rds-ca-rsa2048-g1",
            "character_set_name": "",
            "copy_tags_to_snapshot": false,
            "custom_iam_instance_profile": "",
            "customer_owned_ip_enabled": false,
            "db_name": "",
            "db_subnet_group_name": "default",
            "delete_automated_backups": true,
            "deletion_protection": false,
            "domain": "",
            "domain_auth_secret_arn": "",
            "domain_dns_ips": [],
            "domain_fqdn": "",
            "domain_iam_role_name": "",
            "domain_ou": "",
            "enabled_cloudwatch_logs_exports": [],
            "endpoint": "gbd.cjumgo2q6z1h.us-west-2.rds.amazonaws.com:5432",
            "engine": "postgres",
            "engine_version": "15.6",
            "engine_version_actual": "15.6",
            "final_snapshot_identifier": null,
            "hosted_zone_id": "Z1PVIF0B656C1W",
            "iam_database_authentication_enabled": false,
            "id": "db-R7MFLV7HAMLKFFD5PN4S3TFWSI",
            "identifier": "gbd",
            "identifier_prefix": "",
            "instance_class": "db.m5.large",
            "iops": 0,
            "kms_key_id": "",
            "latest_restorable_time": "",
            "license_model": "postgresql-license",
            "listener_endpoint": [],
            "maintenance_window": "mon:10:06-mon:10:36",
            "manage_master_user_password": null,
            "master_user_secret": [],
            "master_user_secret_kms_key_id": null,
            "max_allocated_storage": 0,
            "monitoring_interval": 0,
            "monitoring_role_arn": "",
            "multi_az": false,
            "nchar_character_set_name": "",
            "network_type": "IPV4",
            "option_group_name": "default:postgres-15",
            "parameter_group_name": "default.postgres15",
            "password": "SlipperyBeef",
            "performance_insights_enabled": false,
            "performance_insights_kms_key_id": "",
            "performance_insights_retention_period": 0,
            "port": 5432,
            "publicly_accessible": true,
            "replica_mode": "",
            "replicas": [],
            "replicate_source_db": "",
            "resource_id": "db-R7MFLV7HAMLKFFD5PN4S3TFWSI",
            "restore_to_point_in_time": [],
            "s3_import": [],
            "skip_final_snapshot": true,
            "snapshot_identifier": null,
            "status": "available",
            "storage_encrypted": false,
            "storage_throughput": 0,
            "storage_type": "gp2",
            "tags": {},
            "tags_all": {},
            "timeouts": null,
            "timezone": "",
            "username": "gbd",
            "vpc_security_group_ids": [
              "sg-0237a031335296608"
            ]
          },
          "sensitive_attributes": [],
          "private": "eyJlMmJmYjczMC1lY2FhLTExZTYtOGY4OC0zNDM2M2JjN2M0YzAiOnsiY3JlYXRlIjoyNDAwMDAwMDAwMDAwLCJkZWxldGUiOjM2MDAwMDAwMDAwMDAsInVwZGF0ZSI6NDgwMDAwMDAwMDAwMH0sInNjaGVtYV92ZXJzaW9uIjoiMiJ9",
          "dependencies": [
            "aws_security_group.gbd_security_group"
          ]
        }
      ]
    },
    {
      "mode": "managed",
      "type": "aws_default_network_acl",
      "name": "main",
      "provider": "provider[\"registry.terraform.io/hashicorp/aws\"]",
      "instances": [
        {
          "schema_version": 0,
          "attributes": {
            "arn": "arn:aws:ec2:us-west-2:533266956918:network-acl/acl-006ca124e9e25bfa4",
            "default_network_acl_id": "acl-006ca124e9e25bfa4",
            "egress": [
              {
                "action": "allow",
                "cidr_block": "0.0.0.0/0",
                "from_port": 0,
                "icmp_code": 0,
                "icmp_type": 0,
                "ipv6_cidr_block": "",
                "protocol": "-1",
                "rule_no": 100,
                "to_port": 0
              }
            ],
            "id": "acl-006ca124e9e25bfa4",
            "ingress": [
              {
                "action": "allow",
                "cidr_block": "0.0.0.0/0",
                "from_port": 0,
                "icmp_code": 0,
                "icmp_type": 0,
                "ipv6_cidr_block": "",
                "protocol": "-1",
                "rule_no": 100,
                "to_port": 0
              }
            ],
            "owner_id": "533266956918",
            "subnet_ids": [],
            "tags": {},
            "tags_all": {},
            "vpc_id": "vpc-0a9a1e027a57fd794"
          },
          "sensitive_attributes": [],
          "private": "bnVsbA==",
          "dependencies": [
            "aws_vpc.main"
          ]
        }
      ]
    },
    {
      "mode": "managed",
      "type": "aws_ec2_instance_connect_endpoint",
      "name": "example",
      "provider": "provider[\"registry.terraform.io/hashicorp/aws\"]",
      "instances": [
        {
          "schema_version": 0,
          "attributes": {
            "arn": "arn:aws:ec2:us-west-2:533266956918:instance-connect-endpoint/eice-0ee9990ad847700b2",
            "availability_zone": "us-west-2a",
            "dns_name": "eice-0ee9990ad847700b2.8a862d75.ec2-instance-connect-endpoint.us-west-2.amazonaws.com",
            "fips_dns_name": "eice-0ee9990ad847700b2.8a862d75.fips.ec2-instance-connect-endpoint.us-west-2.amazonaws.com",
            "id": "eice-0ee9990ad847700b2",
            "network_interface_ids": [
              "eni-04ecd8f31ce6358cf"
            ],
            "owner_id": "533266956918",
            "preserve_client_ip": true,
            "security_group_ids": [
              "sg-0716f30794d8fc329"
            ],
            "subnet_id": "subnet-0d5c74035495dc901",
            "tags": null,
            "tags_all": {},
            "timeouts": null,
            "vpc_id": "vpc-0a9a1e027a57fd794"
          },
          "sensitive_attributes": [],
          "dependencies": [
            "aws_subnet.main",
            "aws_vpc.main"
          ]
        }
      ]
    },
    {
      "mode": "managed",
      "type": "aws_ecr_repository",
      "name": "go_server",
      "provider": "provider[\"registry.terraform.io/hashicorp/aws\"]",
      "instances": [
        {
          "schema_version": 0,
          "attributes": {
            "arn": "arn:aws:ecr:us-west-2:533266956918:repository/goboard",
            "encryption_configuration": [
              {
                "encryption_type": "AES256",
                "kms_key": ""
              }
            ],
            "force_delete": true,
            "id": "goboard",
            "image_scanning_configuration": [
              {
                "scan_on_push": true
              }
            ],
            "image_tag_mutability": "MUTABLE",
            "name": "goboard",
            "registry_id": "533266956918",
            "repository_url": "533266956918.dkr.ecr.us-west-2.amazonaws.com/goboard",
            "tags": {},
            "tags_all": {},
            "timeouts": null
          },
          "sensitive_attributes": [],
          "private": "eyJlMmJmYjczMC1lY2FhLTExZTYtOGY4OC0zNDM2M2JjN2M0YzAiOnsiZGVsZXRlIjoxMjAwMDAwMDAwMDAwfX0="
        }
      ]
    },
    {
      "mode": "managed",
      "type": "aws_ecr_repository_policy",
      "name": "go_server",
      "provider": "provider[\"registry.terraform.io/hashicorp/aws\"]",
      "instances": [
        {
          "schema_version": 0,
          "attributes": {
            "id": "goboard",
            "policy": "{\"Statement\":[{\"Action\":[\"ecr:UploadLayerPart\",\"ecr:SetRepositoryPolicy\",\"ecr:PutImage\",\"ecr:ListImages\",\"ecr:InitiateLayerUpload\",\"ecr:GetRepositoryPolicy\",\"ecr:GetDownloadUrlForLayer\",\"ecr:DescribeRepositories\",\"ecr:DeleteRepositoryPolicy\",\"ecr:DeleteRepository\",\"ecr:CompleteLayerUpload\",\"ecr:BatchGetImage\",\"ecr:BatchDeleteImage\",\"ecr:BatchCheckLayerAvailability\"],\"Effect\":\"Allow\",\"Principal\":\"*\"}],\"Version\":\"2012-10-17\"}",
            "registry_id": "533266956918",
            "repository": "goboard"
          },
          "sensitive_attributes": [],
          "private": "bnVsbA==",
          "dependencies": [
            "aws_ecr_repository.go_server",
            "data.aws_iam_policy_document.ecr_policy"
          ]
        }
      ]
    },
    {
      "mode": "managed",
      "type": "aws_iam_instance_profile",
      "name": "profile",
      "provider": "provider[\"registry.terraform.io/hashicorp/aws\"]",
      "instances": [
        {
          "schema_version": 0,
          "attributes": {
            "arn": "arn:aws:iam::533266956918:instance-profile/application-ec2-profile",
            "create_date": "2024-04-13T20:18:52Z",
            "id": "application-ec2-profile",
            "name": "application-ec2-profile",
            "name_prefix": "",
            "path": "/",
            "role": "application-role",
            "tags": {},
            "tags_all": {},
            "unique_id": "AIPAXYKJQAJ3ONQQDM2TG"
          },
          "sensitive_attributes": [],
          "private": "bnVsbA==",
          "dependencies": [
            "aws_iam_role.role",
            "data.aws_iam_policy_document.assume_role_ec2_policy_document"
          ]
        }
      ]
    },
    {
      "mode": "managed",
      "type": "aws_iam_policy",
      "name": "ecr_access_policy",
      "provider": "provider[\"registry.terraform.io/hashicorp/aws\"]",
      "instances": [
        {
          "schema_version": 0,
          "attributes": {
            "arn": "arn:aws:iam::533266956918:policy/ecr-access-policy",
            "description": "",
            "id": "arn:aws:iam::533266956918:policy/ecr-access-policy",
            "name": "ecr-access-policy",
            "name_prefix": "",
            "path": "/",
            "policy": "{\"Statement\":[{\"Action\":\"ecr:BatchGetImage\",\"Effect\":\"Allow\",\"Resource\":\"*\"}],\"Version\":\"2012-10-17\"}",
            "policy_id": "ANPAXYKJQAJ3GYIZ7O56U",
            "tags": {},
            "tags_all": {}
          },
          "sensitive_attributes": [],
          "private": "bnVsbA==",
          "dependencies": [
            "data.aws_iam_policy_document.ecr_access_policy_document"
          ]
        }
      ]
    },
    {
      "mode": "managed",
      "type": "aws_iam_policy_attachment",
      "name": "ecr_access",
      "provider": "provider[\"registry.terraform.io/hashicorp/aws\"]",
      "instances": [
        {
          "schema_version": 0,
          "attributes": {
            "groups": [],
            "id": "ecr-access",
            "name": "ecr-access",
            "policy_arn": "arn:aws:iam::533266956918:policy/ecr-access-policy",
            "roles": [
              "application-role"
            ],
            "users": []
          },
          "sensitive_attributes": [],
          "private": "bnVsbA==",
          "dependencies": [
            "aws_iam_policy.ecr_access_policy",
            "aws_iam_role.role",
            "data.aws_iam_policy_document.assume_role_ec2_policy_document",
            "data.aws_iam_policy_document.ecr_access_policy_document"
          ]
        }
      ]
    },
    {
      "mode": "managed",
      "type": "aws_iam_role",
      "name": "bco_images_relay",
      "provider": "provider[\"registry.terraform.io/hashicorp/aws\"]",
      "instances": [
        {
          "schema_version": 0,
          "attributes": {
            "arn": "arn:aws:iam::533266956918:role/dev-bco-images-relay-role",
            "assume_role_policy": "{\"Statement\":[{\"Action\":\"sts:AssumeRole\",\"Effect\":\"Allow\",\"Principal\":{\"Service\":\"lambda.amazonaws.com\"}}],\"Version\":\"2012-10-17\"}",
            "create_date": "2024-04-08T20:53:12Z",
            "description": "",
            "force_detach_policies": false,
            "id": "dev-bco-images-relay-role",
            "inline_policy": [
              {
                "name": "dev-bco-images-relay-policy",
                "policy": "{\"Version\":\"2012-10-17\",\"Statement\":[{\"Action\":\"s3:GetObject\",\"Effect\":\"Allow\",\"Resource\":\"arn:aws:s3:::dev-bco-images-private/*\"}]}"
              }
            ],
            "managed_policy_arns": [],
            "max_session_duration": 3600,
            "name": "dev-bco-images-relay-role",
            "name_prefix": "",
            "path": "/",
            "permissions_boundary": "",
            "tags": {},
            "tags_all": {},
            "unique_id": "AROAXYKJQAJ3EOAOUR6YS"
          },
          "sensitive_attributes": [],
          "private": "bnVsbA==",
          "dependencies": [
            "aws_s3_bucket.bco_images_private"
          ]
        }
      ]
    },
    {
      "mode": "managed",
      "type": "aws_iam_role",
      "name": "role",
      "provider": "provider[\"registry.terraform.io/hashicorp/aws\"]",
      "instances": [
        {
          "schema_version": 0,
          "attributes": {
            "arn": "arn:aws:iam::533266956918:role/application-role",
            "assume_role_policy": "{\"Statement\":[{\"Action\":\"sts:AssumeRole\",\"Effect\":\"Allow\",\"Principal\":{\"Service\":\"ec2.amazonaws.com\"}}],\"Version\":\"2012-10-17\"}",
            "create_date": "2024-04-13T20:18:52Z",
            "description": "",
            "force_detach_policies": false,
            "id": "application-role",
            "inline_policy": [],
            "managed_policy_arns": [
              "arn:aws:iam::533266956918:policy/ecr-access-policy"
            ],
            "max_session_duration": 3600,
            "name": "application-role",
            "name_prefix": "",
            "path": "/",
            "permissions_boundary": "",
            "tags": {},
            "tags_all": {},
            "unique_id": "AROAXYKJQAJ3ALY5BMPHW"
          },
          "sensitive_attributes": [],
          "private": "bnVsbA==",
          "dependencies": [
            "data.aws_iam_policy_document.assume_role_ec2_policy_document"
          ]
        }
      ]
    },
    {
      "mode": "managed",
      "type": "aws_instance",
      "name": "application",
      "provider": "provider[\"registry.terraform.io/hashicorp/aws\"]",
      "instances": [
        {
          "schema_version": 1,
          "attributes": {
            "ami": "ami-07fe743f8d6d95a40",
            "arn": "arn:aws:ec2:us-west-2:533266956918:instance/i-0de042c08508ef228",
            "associate_public_ip_address": true,
            "availability_zone": "us-west-2a",
            "capacity_reservation_specification": [
              {
                "capacity_reservation_preference": "open",
                "capacity_reservation_target": []
              }
            ],
            "cpu_core_count": 1,
            "cpu_options": [
              {
                "amd_sev_snp": "",
                "core_count": 1,
                "threads_per_core": 1
              }
            ],
            "cpu_threads_per_core": 1,
            "credit_specification": [
              {
                "cpu_credits": "standard"
              }
            ],
            "disable_api_stop": false,
            "disable_api_termination": false,
            "ebs_block_device": [],
            "ebs_optimized": false,
            "enclave_options": [
              {
                "enabled": false
              }
            ],
            "ephemeral_block_device": [],
            "get_password_data": false,
            "hibernation": false,
            "host_id": "",
            "host_resource_group_arn": null,
            "iam_instance_profile": "application-ec2-profile",
            "id": "i-0de042c08508ef228",
            "instance_initiated_shutdown_behavior": "stop",
            "instance_lifecycle": "",
            "instance_market_options": [],
            "instance_state": "running",
            "instance_type": "t2.micro",
            "ipv6_address_count": 0,
            "ipv6_addresses": [],
            "key_name": "",
            "launch_template": [],
            "maintenance_options": [
              {
                "auto_recovery": "default"
              }
            ],
            "metadata_options": [
              {
                "http_endpoint": "enabled",
                "http_protocol_ipv6": "disabled",
                "http_put_response_hop_limit": 1,
                "http_tokens": "optional",
                "instance_metadata_tags": "disabled"
              }
            ],
            "monitoring": false,
            "network_interface": [],
            "outpost_arn": "",
            "password_data": "",
            "placement_group": "",
            "placement_partition_number": 0,
            "primary_network_interface_id": "eni-0196feafba1baea83",
            "private_dns": "ip-10-0-0-161.us-west-2.compute.internal",
            "private_dns_name_options": [
              {
                "enable_resource_name_dns_a_record": false,
                "enable_resource_name_dns_aaaa_record": false,
                "hostname_type": "ip-name"
              }
            ],
            "private_ip": "10.0.0.161",
            "public_dns": "ec2-35-91-235-63.us-west-2.compute.amazonaws.com",
            "public_ip": "35.91.235.63",
            "root_block_device": [
              {
                "delete_on_termination": true,
                "device_name": "/dev/sda1",
                "encrypted": false,
                "iops": 100,
                "kms_key_id": "",
                "tags": {},
                "tags_all": {},
                "throughput": 0,
                "volume_id": "vol-05e6906e68011b888",
                "volume_size": 8,
                "volume_type": "gp2"
              }
            ],
            "secondary_private_ips": [],
            "security_groups": [],
            "source_dest_check": true,
            "spot_instance_request_id": "",
            "subnet_id": "subnet-0d5c74035495dc901",
            "tags": null,
            "tags_all": {},
            "tenancy": "default",
            "timeouts": null,
            "user_data": "372db9531b57fa88041f70b327250e8694ca78a7",
            "user_data_base64": null,
            "user_data_replace_on_change": true,
            "volume_tags": null,
            "vpc_security_group_ids": [
              "sg-05deb9b947f562ee7"
            ]
          },
          "sensitive_attributes": [
            [
              {
                "type": "get_attr",
                "value": "user_data"
              }
            ]
          ],
          "private": "eyJlMmJmYjczMC1lY2FhLTExZTYtOGY4OC0zNDM2M2JjN2M0YzAiOnsiY3JlYXRlIjo2MDAwMDAwMDAwMDAsImRlbGV0ZSI6MTIwMDAwMDAwMDAwMCwicmVhZCI6OTAwMDAwMDAwMDAwLCJ1cGRhdGUiOjYwMDAwMDAwMDAwMH0sInNjaGVtYV92ZXJzaW9uIjoiMSJ9",
          "dependencies": [
            "aws_ecr_repository.go_server",
            "aws_iam_instance_profile.profile",
            "aws_iam_role.role",
            "aws_internet_gateway.gateway",
            "aws_security_group.public",
            "aws_subnet.main",
            "aws_vpc.main",
            "data.aws_ami.ubuntu",
            "data.aws_ecr_authorization_token.go_server",
            "data.aws_iam_policy_document.assume_role_ec2_policy_document",
            "docker_registry_image.go_example"
          ]
        }
      ]
    },
    {
      "mode": "managed",
      "type": "aws_internet_gateway",
      "name": "gateway",
      "provider": "provider[\"registry.terraform.io/hashicorp/aws\"]",
      "instances": [
        {
          "schema_version": 0,
          "attributes": {
            "arn": "arn:aws:ec2:us-west-2:533266956918:internet-gateway/igw-04b9688ce492db134",
            "id": "igw-04b9688ce492db134",
            "owner_id": "533266956918",
            "tags": {},
            "tags_all": {},
            "timeouts": null,
            "vpc_id": "vpc-0a9a1e027a57fd794"
          },
          "sensitive_attributes": [],
          "private": "eyJlMmJmYjczMC1lY2FhLTExZTYtOGY4OC0zNDM2M2JjN2M0YzAiOnsiY3JlYXRlIjoxMjAwMDAwMDAwMDAwLCJkZWxldGUiOjEyMDAwMDAwMDAwMDAsInVwZGF0ZSI6MTIwMDAwMDAwMDAwMH19",
          "dependencies": [
            "aws_vpc.main"
          ]
        }
      ]
    },
    {
      "mode": "managed",
      "type": "aws_lambda_function",
      "name": "bco_images_relay",
      "provider": "provider[\"registry.terraform.io/hashicorp/aws\"]",
      "instances": [
        {
          "schema_version": 0,
          "attributes": {
            "architectures": [
              "x86_64"
            ],
            "arn": "arn:aws:lambda:us-west-2:533266956918:function:dev-bco-images-relay",
            "code_signing_config_arn": "",
            "dead_letter_config": [],
            "description": "",
            "environment": [
              {
                "variables": {
                  "BUCKET_NAME": "dev-bco-images-private"
                }
              }
            ],
            "ephemeral_storage": [
              {
                "size": 512
              }
            ],
            "file_system_config": [],
            "filename": null,
            "function_name": "dev-bco-images-relay",
            "handler": "bootstrap",
            "id": "dev-bco-images-relay",
            "image_config": [],
            "image_uri": "",
            "invoke_arn": "arn:aws:apigateway:us-west-2:lambda:path/2015-03-31/functions/arn:aws:lambda:us-west-2:533266956918:function:dev-bco-images-relay/invocations",
            "kms_key_arn": "",
            "last_modified": "2024-04-09T13:35:18.000+0000",
            "layers": [],
            "logging_config": [
              {
                "application_log_level": "",
                "log_format": "Text",
                "log_group": "/aws/lambda/dev-bco-images-relay",
                "system_log_level": ""
              }
            ],
            "memory_size": 512,
            "package_type": "Zip",
            "publish": false,
            "qualified_arn": "arn:aws:lambda:us-west-2:533266956918:function:dev-bco-images-relay:$LATEST",
            "qualified_invoke_arn": "arn:aws:apigateway:us-west-2:lambda:path/2015-03-31/functions/arn:aws:lambda:us-west-2:533266956918:function:dev-bco-images-relay:$LATEST/invocations",
            "replace_security_groups_on_destroy": null,
            "replacement_security_group_ids": null,
            "reserved_concurrent_executions": -1,
            "role": "arn:aws:iam::533266956918:role/dev-bco-images-relay-role",
            "runtime": "provided.al2023",
            "s3_bucket": "dev-bco-functions",
            "s3_key": "bootstrap4.zip",
            "s3_object_version": "",
            "signing_job_arn": "",
            "signing_profile_version_arn": "",
            "skip_destroy": false,
            "snap_start": [],
            "source_code_hash": "VnxL1tAK9gvQl2IcmOsT/JfPPLIo8Men1dBu5lfrZuQ=",
            "source_code_size": 9481876,
            "tags": {},
            "tags_all": {},
            "timeout": 15,
            "timeouts": null,
            "tracing_config": [
              {
                "mode": "PassThrough"
              }
            ],
            "version": "$LATEST",
            "vpc_config": []
          },
          "sensitive_attributes": [],
          "private": "eyJlMmJmYjczMC1lY2FhLTExZTYtOGY4OC0zNDM2M2JjN2M0YzAiOnsiY3JlYXRlIjo2MDAwMDAwMDAwMDAsImRlbGV0ZSI6NjAwMDAwMDAwMDAwLCJ1cGRhdGUiOjYwMDAwMDAwMDAwMH19",
          "dependencies": [
            "aws_iam_role.bco_images_relay",
            "aws_s3_bucket.bco_functions",
            "aws_s3_bucket.bco_images_private"
          ]
        }
      ]
    },
    {
      "mode": "managed",
      "type": "aws_lambda_permission",
      "name": "bco_images_relay",
      "provider": "provider[\"registry.terraform.io/hashicorp/aws\"]",
      "instances": [
        {
          "schema_version": 0,
          "attributes": {
            "action": "lambda:InvokeFunction",
            "event_source_token": null,
            "function_name": "dev-bco-images-relay",
            "function_url_auth_type": null,
            "id": "terraform-20240408222144426300000001",
            "principal": "apigateway.amazonaws.com",
            "principal_org_id": null,
            "qualifier": "",
            "source_account": null,
            "source_arn": "arn:aws:execute-api:us-west-2:533266956918:97xfuxi9ah/*",
            "statement_id": "terraform-20240408222144426300000001",
            "statement_id_prefix": "terraform-"
          },
          "sensitive_attributes": [],
          "private": "bnVsbA==",
          "dependencies": [
            "aws_apigatewayv2_api.bco_images_relay",
            "aws_iam_role.bco_images_relay",
            "aws_lambda_function.bco_images_relay",
            "aws_s3_bucket.bco_functions",
            "aws_s3_bucket.bco_images_private"
          ]
        }
      ]
    },
    {
      "mode": "managed",
      "type": "aws_main_route_table_association",
      "name": "main",
      "provider": "provider[\"registry.terraform.io/hashicorp/aws\"]",
      "instances": [
        {
          "schema_version": 0,
          "attributes": {
            "id": "rtbassoc-0e7f2caec67f86f78",
            "original_route_table_id": "rtb-05bfdf92a3524fc85",
            "route_table_id": "rtb-01934297c5b81f60a",
            "timeouts": null,
            "vpc_id": "vpc-0a9a1e027a57fd794"
          },
          "sensitive_attributes": [],
          "private": "eyJlMmJmYjczMC1lY2FhLTExZTYtOGY4OC0zNDM2M2JjN2M0YzAiOnsiY3JlYXRlIjozMDAwMDAwMDAwMDAsImRlbGV0ZSI6MzAwMDAwMDAwMDAwLCJ1cGRhdGUiOjEyMDAwMDAwMDAwMH19",
          "dependencies": [
            "aws_internet_gateway.gateway",
            "aws_route_table.public",
            "aws_vpc.main"
          ]
        }
      ]
    },
    {
      "mode": "managed",
      "type": "aws_network_acl_association",
      "name": "main",
      "provider": "provider[\"registry.terraform.io/hashicorp/aws\"]",
      "instances": [
        {
          "schema_version": 0,
          "attributes": {
            "id": "aclassoc-0a72582664f19aa61",
            "network_acl_id": "acl-006ca124e9e25bfa4",
            "subnet_id": "subnet-0d5c74035495dc901"
          },
          "sensitive_attributes": [],
          "private": "bnVsbA==",
          "dependencies": [
            "aws_default_network_acl.main",
            "aws_subnet.main",
            "aws_vpc.main"
          ]
        }
      ]
    },
    {
      "mode": "managed",
      "type": "aws_route_table",
      "name": "public",
      "provider": "provider[\"registry.terraform.io/hashicorp/aws\"]",
      "instances": [
        {
          "schema_version": 0,
          "attributes": {
            "arn": "arn:aws:ec2:us-west-2:533266956918:route-table/rtb-01934297c5b81f60a",
            "id": "rtb-01934297c5b81f60a",
            "owner_id": "533266956918",
            "propagating_vgws": [],
            "route": [
              {
                "carrier_gateway_id": "",
                "cidr_block": "0.0.0.0/0",
                "core_network_arn": "",
                "destination_prefix_list_id": "",
                "egress_only_gateway_id": "",
                "gateway_id": "igw-04b9688ce492db134",
                "ipv6_cidr_block": "",
                "local_gateway_id": "",
                "nat_gateway_id": "",
                "network_interface_id": "",
                "transit_gateway_id": "",
                "vpc_endpoint_id": "",
                "vpc_peering_connection_id": ""
              }
            ],
            "tags": {},
            "tags_all": {},
            "timeouts": null,
            "vpc_id": "vpc-0a9a1e027a57fd794"
          },
          "sensitive_attributes": [],
          "private": "eyJlMmJmYjczMC1lY2FhLTExZTYtOGY4OC0zNDM2M2JjN2M0YzAiOnsiY3JlYXRlIjozMDAwMDAwMDAwMDAsImRlbGV0ZSI6MzAwMDAwMDAwMDAwLCJ1cGRhdGUiOjEyMDAwMDAwMDAwMH19",
          "dependencies": [
            "aws_internet_gateway.gateway",
            "aws_vpc.main"
          ]
        }
      ]
    },
    {
      "mode": "managed",
      "type": "aws_route_table_association",
      "name": "main",
      "provider": "provider[\"registry.terraform.io/hashicorp/aws\"]",
      "instances": [
        {
          "schema_version": 0,
          "attributes": {
            "gateway_id": "",
            "id": "rtbassoc-069c520f68a2051b2",
            "route_table_id": "rtb-01934297c5b81f60a",
            "subnet_id": "subnet-0d5c74035495dc901",
            "timeouts": null
          },
          "sensitive_attributes": [],
          "private": "eyJlMmJmYjczMC1lY2FhLTExZTYtOGY4OC0zNDM2M2JjN2M0YzAiOnsiY3JlYXRlIjozMDAwMDAwMDAwMDAsImRlbGV0ZSI6MzAwMDAwMDAwMDAwLCJ1cGRhdGUiOjEyMDAwMDAwMDAwMH19",
          "dependencies": [
            "aws_internet_gateway.gateway",
            "aws_route_table.public",
            "aws_subnet.main",
            "aws_vpc.main"
          ]
        }
      ]
    },
    {
      "mode": "managed",
      "type": "aws_s3_bucket",
      "name": "bco_functions",
      "provider": "provider[\"registry.terraform.io/hashicorp/aws\"]",
      "instances": [
        {
          "schema_version": 0,
          "attributes": {
            "acceleration_status": "",
            "acl": null,
            "arn": "arn:aws:s3:::dev-bco-functions",
            "bucket": "dev-bco-functions",
            "bucket_domain_name": "dev-bco-functions.s3.amazonaws.com",
            "bucket_prefix": "",
            "bucket_regional_domain_name": "dev-bco-functions.s3.us-west-2.amazonaws.com",
            "cors_rule": [],
            "force_destroy": false,
            "grant": [
              {
                "id": "88e842929239f3627c9eda08834623a6b8a274908d8188c414cfb45d0384ca0c",
                "permissions": [
                  "FULL_CONTROL"
                ],
                "type": "CanonicalUser",
                "uri": ""
              }
            ],
            "hosted_zone_id": "Z3BJ6K6RIION7M",
            "id": "dev-bco-functions",
            "lifecycle_rule": [],
            "logging": [],
            "object_lock_configuration": [],
            "object_lock_enabled": false,
            "policy": "",
            "region": "us-west-2",
            "replication_configuration": [],
            "request_payer": "BucketOwner",
            "server_side_encryption_configuration": [
              {
                "rule": [
                  {
                    "apply_server_side_encryption_by_default": [
                      {
                        "kms_master_key_id": "",
                        "sse_algorithm": "AES256"
                      }
                    ],
                    "bucket_key_enabled": false
                  }
                ]
              }
            ],
            "tags": {},
            "tags_all": {},
            "timeouts": null,
            "versioning": [
              {
                "enabled": false,
                "mfa_delete": false
              }
            ],
            "website": [],
            "website_domain": null,
            "website_endpoint": null
          },
          "sensitive_attributes": [],
          "private": "eyJlMmJmYjczMC1lY2FhLTExZTYtOGY4OC0zNDM2M2JjN2M0YzAiOnsiY3JlYXRlIjoxMjAwMDAwMDAwMDAwLCJkZWxldGUiOjM2MDAwMDAwMDAwMDAsInJlYWQiOjEyMDAwMDAwMDAwMDAsInVwZGF0ZSI6MTIwMDAwMDAwMDAwMH19"
        }
      ]
    },
    {
      "mode": "managed",
      "type": "aws_s3_bucket",
      "name": "bco_images",
      "provider": "provider[\"registry.terraform.io/hashicorp/aws\"]",
      "instances": [
        {
          "schema_version": 0,
          "attributes": {
            "acceleration_status": "",
            "acl": null,
            "arn": "arn:aws:s3:::dev-bco-images",
            "bucket": "dev-bco-images",
            "bucket_domain_name": "dev-bco-images.s3.amazonaws.com",
            "bucket_prefix": "",
            "bucket_regional_domain_name": "dev-bco-images.s3.us-west-2.amazonaws.com",
            "cors_rule": [],
            "force_destroy": false,
            "grant": [
              {
                "id": "",
                "permissions": [
                  "READ"
                ],
                "type": "Group",
                "uri": "http://acs.amazonaws.com/groups/global/AllUsers"
              },
              {
                "id": "88e842929239f3627c9eda08834623a6b8a274908d8188c414cfb45d0384ca0c",
                "permissions": [
                  "FULL_CONTROL"
                ],
                "type": "CanonicalUser",
                "uri": ""
              }
            ],
            "hosted_zone_id": "Z3BJ6K6RIION7M",
            "id": "dev-bco-images",
            "lifecycle_rule": [],
            "logging": [],
            "object_lock_configuration": [],
            "object_lock_enabled": false,
            "policy": "{\"Id\":\"dev-bco-images-policy\",\"Statement\":[{\"Action\":\"s3:GetObject\",\"Effect\":\"Allow\",\"Principal\":\"*\",\"Resource\":\"arn:aws:s3:::dev-bco-images/*\",\"Sid\":\"S3BCOPublicAccess\"}],\"Version\":\"2012-10-17\"}",
            "region": "us-west-2",
            "replication_configuration": [],
            "request_payer": "BucketOwner",
            "server_side_encryption_configuration": [
              {
                "rule": [
                  {
                    "apply_server_side_encryption_by_default": [
                      {
                        "kms_master_key_id": "",
                        "sse_algorithm": "AES256"
                      }
                    ],
                    "bucket_key_enabled": false
                  }
                ]
              }
            ],
            "tags": {},
            "tags_all": {},
            "timeouts": null,
            "versioning": [
              {
                "enabled": false,
                "mfa_delete": false
              }
            ],
            "website": [],
            "website_domain": null,
            "website_endpoint": null
          },
          "sensitive_attributes": [],
          "private": "eyJlMmJmYjczMC1lY2FhLTExZTYtOGY4OC0zNDM2M2JjN2M0YzAiOnsiY3JlYXRlIjoxMjAwMDAwMDAwMDAwLCJkZWxldGUiOjM2MDAwMDAwMDAwMDAsInJlYWQiOjEyMDAwMDAwMDAwMDAsInVwZGF0ZSI6MTIwMDAwMDAwMDAwMH19"
        }
      ]
    },
    {
      "mode": "managed",
      "type": "aws_s3_bucket",
      "name": "bco_images_private",
      "provider": "provider[\"registry.terraform.io/hashicorp/aws\"]",
      "instances": [
        {
          "schema_version": 0,
          "attributes": {
            "acceleration_status": "",
            "acl": null,
            "arn": "arn:aws:s3:::dev-bco-images-private",
            "bucket": "dev-bco-images-private",
            "bucket_domain_name": "dev-bco-images-private.s3.amazonaws.com",
            "bucket_prefix": "",
            "bucket_regional_domain_name": "dev-bco-images-private.s3.us-west-2.amazonaws.com",
            "cors_rule": [],
            "force_destroy": false,
            "grant": [
              {
                "id": "88e842929239f3627c9eda08834623a6b8a274908d8188c414cfb45d0384ca0c",
                "permissions": [
                  "FULL_CONTROL"
                ],
                "type": "CanonicalUser",
                "uri": ""
              }
            ],
            "hosted_zone_id": "Z3BJ6K6RIION7M",
            "id": "dev-bco-images-private",
            "lifecycle_rule": [],
            "logging": [],
            "object_lock_configuration": [],
            "object_lock_enabled": false,
            "policy": "",
            "region": "us-west-2",
            "replication_configuration": [],
            "request_payer": "BucketOwner",
            "server_side_encryption_configuration": [
              {
                "rule": [
                  {
                    "apply_server_side_encryption_by_default": [
                      {
                        "kms_master_key_id": "",
                        "sse_algorithm": "AES256"
                      }
                    ],
                    "bucket_key_enabled": false
                  }
                ]
              }
            ],
            "tags": {},
            "tags_all": {},
            "timeouts": null,
            "versioning": [
              {
                "enabled": false,
                "mfa_delete": false
              }
            ],
            "website": [],
            "website_domain": null,
            "website_endpoint": null
          },
          "sensitive_attributes": [],
          "private": "eyJlMmJmYjczMC1lY2FhLTExZTYtOGY4OC0zNDM2M2JjN2M0YzAiOnsiY3JlYXRlIjoxMjAwMDAwMDAwMDAwLCJkZWxldGUiOjM2MDAwMDAwMDAwMDAsInJlYWQiOjEyMDAwMDAwMDAwMDAsInVwZGF0ZSI6MTIwMDAwMDAwMDAwMH19"
        }
      ]
    },
    {
      "mode": "managed",
      "type": "aws_s3_bucket_acl",
      "name": "bco_images_acl",
      "provider": "provider[\"registry.terraform.io/hashicorp/aws\"]",
      "instances": [
        {
          "schema_version": 0,
          "attributes": {
            "access_control_policy": [
              {
                "grant": [
                  {
                    "grantee": [
                      {
                        "display_name": "",
                        "email_address": "",
                        "id": "",
                        "type": "Group",
                        "uri": "http://acs.amazonaws.com/groups/global/AllUsers"
                      }
                    ],
                    "permission": "READ"
                  },
                  {
                    "grantee": [
                      {
                        "display_name": "goboard666",
                        "email_address": "",
                        "id": "88e842929239f3627c9eda08834623a6b8a274908d8188c414cfb45d0384ca0c",
                        "type": "CanonicalUser",
                        "uri": ""
                      }
                    ],
                    "permission": "FULL_CONTROL"
                  }
                ],
                "owner": [
                  {
                    "display_name": "goboard666",
                    "id": "88e842929239f3627c9eda08834623a6b8a274908d8188c414cfb45d0384ca0c"
                  }
                ]
              }
            ],
            "acl": "public-read",
            "bucket": "dev-bco-images",
            "expected_bucket_owner": "",
            "id": "dev-bco-images,public-read"
          },
          "sensitive_attributes": [],
          "private": "bnVsbA==",
          "dependencies": [
            "aws_s3_bucket.bco_images",
            "aws_s3_bucket_ownership_controls.bco_images_ownership",
            "aws_s3_bucket_public_access_block.bco_images_access"
          ]
        }
      ]
    },
    {
      "mode": "managed",
      "type": "aws_s3_bucket_ownership_controls",
      "name": "bco_images_ownership",
      "provider": "provider[\"registry.terraform.io/hashicorp/aws\"]",
      "instances": [
        {
          "schema_version": 0,
          "attributes": {
            "bucket": "dev-bco-images",
            "id": "dev-bco-images",
            "rule": [
              {
                "object_ownership": "BucketOwnerPreferred"
              }
            ]
          },
          "sensitive_attributes": [],
          "private": "bnVsbA==",
          "dependencies": [
            "aws_s3_bucket.bco_images"
          ]
        }
      ]
    },
    {
      "mode": "managed",
      "type": "aws_s3_bucket_policy",
      "name": "bco_images_bucket_policy",
      "provider": "provider[\"registry.terraform.io/hashicorp/aws\"]",
      "instances": [
        {
          "schema_version": 0,
          "attributes": {
            "bucket": "dev-bco-images",
            "id": "dev-bco-images",
            "policy": "{\"Id\":\"dev-bco-images-policy\",\"Statement\":[{\"Action\":\"s3:GetObject\",\"Effect\":\"Allow\",\"Principal\":\"*\",\"Resource\":\"arn:aws:s3:::dev-bco-images/*\",\"Sid\":\"S3BCOPublicAccess\"}],\"Version\":\"2012-10-17\"}"
          },
          "sensitive_attributes": [],
          "private": "bnVsbA==",
          "dependencies": [
            "aws_s3_bucket.bco_images",
            "data.aws_iam_policy_document.bco_images_policy"
          ]
        }
      ]
    },
    {
      "mode": "managed",
      "type": "aws_s3_bucket_public_access_block",
      "name": "bco_images_access",
      "provider": "provider[\"registry.terraform.io/hashicorp/aws\"]",
      "instances": [
        {
          "schema_version": 0,
          "attributes": {
            "block_public_acls": false,
            "block_public_policy": false,
            "bucket": "dev-bco-images",
            "id": "dev-bco-images",
            "ignore_public_acls": false,
            "restrict_public_buckets": false
          },
          "sensitive_attributes": [],
          "private": "bnVsbA==",
          "dependencies": [
            "aws_s3_bucket.bco_images"
          ]
        }
      ]
    },
    {
      "mode": "managed",
      "type": "aws_security_group",
      "name": "gbd_security_group",
      "provider": "provider[\"registry.terraform.io/hashicorp/aws\"]",
      "instances": [
        {
          "schema_version": 1,
          "attributes": {
            "arn": "arn:aws:ec2:us-west-2:533266956918:security-group/sg-0237a031335296608",
            "description": "Managed by Terraform",
            "egress": [],
            "id": "sg-0237a031335296608",
            "ingress": [
              {
                "cidr_blocks": [
                  "0.0.0.0/0"
                ],
                "description": "PostgreSQL",
                "from_port": 5432,
                "ipv6_cidr_blocks": [],
                "prefix_list_ids": [],
                "protocol": "tcp",
                "security_groups": [],
                "self": false,
                "to_port": 5432
              },
              {
                "cidr_blocks": [],
                "description": "PostgreSQL",
                "from_port": 5432,
                "ipv6_cidr_blocks": [
                  "::/0"
                ],
                "prefix_list_ids": [],
                "protocol": "tcp",
                "security_groups": [],
                "self": false,
                "to_port": 5432
              }
            ],
            "name": "gbd-security-group",
            "name_prefix": "",
            "owner_id": "533266956918",
            "revoke_rules_on_delete": false,
            "tags": {},
            "tags_all": {},
            "timeouts": null,
            "vpc_id": "vpc-07f81f0877110678e"
          },
          "sensitive_attributes": [],
          "private": "eyJlMmJmYjczMC1lY2FhLTExZTYtOGY4OC0zNDM2M2JjN2M0YzAiOnsiY3JlYXRlIjo2MDAwMDAwMDAwMDAsImRlbGV0ZSI6OTAwMDAwMDAwMDAwfSwic2NoZW1hX3ZlcnNpb24iOiIxIn0="
        }
      ]
    },
    {
      "mode": "managed",
      "type": "aws_security_group",
      "name": "public",
      "provider": "provider[\"registry.terraform.io/hashicorp/aws\"]",
      "instances": [
        {
          "schema_version": 1,
          "attributes": {
            "arn": "arn:aws:ec2:us-west-2:533266956918:security-group/sg-05deb9b947f562ee7",
            "description": "Managed by Terraform",
            "egress": [
              {
                "cidr_blocks": [
                  "0.0.0.0/0"
                ],
                "description": "",
                "from_port": 0,
                "ipv6_cidr_blocks": [],
                "prefix_list_ids": [],
                "protocol": "-1",
                "security_groups": [],
                "self": false,
                "to_port": 0
              }
            ],
            "id": "sg-05deb9b947f562ee7",
            "ingress": [
              {
                "cidr_blocks": [
                  "0.0.0.0/0"
                ],
                "description": "",
                "from_port": 22,
                "ipv6_cidr_blocks": [],
                "prefix_list_ids": [],
                "protocol": "tcp",
                "security_groups": [],
                "self": false,
                "to_port": 22
              },
              {
                "cidr_blocks": [
                  "0.0.0.0/0"
                ],
                "description": "",
                "from_port": 80,
                "ipv6_cidr_blocks": [],
                "prefix_list_ids": [],
                "protocol": "tcp",
                "security_groups": [],
                "self": false,
                "to_port": 80
              }
            ],
            "name": "public-sg",
            "name_prefix": "",
            "owner_id": "533266956918",
            "revoke_rules_on_delete": false,
            "tags": {},
            "tags_all": {},
            "timeouts": null,
            "vpc_id": "vpc-0a9a1e027a57fd794"
          },
          "sensitive_attributes": [],
          "private": "eyJlMmJmYjczMC1lY2FhLTExZTYtOGY4OC0zNDM2M2JjN2M0YzAiOnsiY3JlYXRlIjo2MDAwMDAwMDAwMDAsImRlbGV0ZSI6OTAwMDAwMDAwMDAwfSwic2NoZW1hX3ZlcnNpb24iOiIxIn0=",
          "dependencies": [
            "aws_vpc.main"
          ]
        }
      ]
    },
    {
      "mode": "managed",
      "type": "aws_subnet",
      "name": "main",
      "provider": "provider[\"registry.terraform.io/hashicorp/aws\"]",
      "instances": [
        {
          "schema_version": 1,
          "attributes": {
            "arn": "arn:aws:ec2:us-west-2:533266956918:subnet/subnet-0d5c74035495dc901",
            "assign_ipv6_address_on_creation": false,
            "availability_zone": "us-west-2a",
            "availability_zone_id": "usw2-az1",
            "cidr_block": "10.0.0.0/24",
            "customer_owned_ipv4_pool": "",
            "enable_dns64": false,
            "enable_lni_at_device_index": 0,
            "enable_resource_name_dns_a_record_on_launch": false,
            "enable_resource_name_dns_aaaa_record_on_launch": false,
            "id": "subnet-0d5c74035495dc901",
            "ipv6_cidr_block": "",
            "ipv6_cidr_block_association_id": "",
            "ipv6_native": false,
            "map_customer_owned_ip_on_launch": false,
            "map_public_ip_on_launch": true,
            "outpost_arn": "",
            "owner_id": "533266956918",
            "private_dns_hostname_type_on_launch": "ip-name",
            "tags": {},
            "tags_all": {},
            "timeouts": null,
            "vpc_id": "vpc-0a9a1e027a57fd794"
          },
          "sensitive_attributes": [],
          "private": "eyJlMmJmYjczMC1lY2FhLTExZTYtOGY4OC0zNDM2M2JjN2M0YzAiOnsiY3JlYXRlIjo2MDAwMDAwMDAwMDAsImRlbGV0ZSI6MTIwMDAwMDAwMDAwMH0sInNjaGVtYV92ZXJzaW9uIjoiMSJ9",
          "dependencies": [
            "aws_vpc.main"
          ]
        }
      ]
    },
    {
      "mode": "managed",
      "type": "aws_vpc",
      "name": "main",
      "provider": "provider[\"registry.terraform.io/hashicorp/aws\"]",
      "instances": [
        {
          "schema_version": 1,
          "attributes": {
            "arn": "arn:aws:ec2:us-west-2:533266956918:vpc/vpc-0a9a1e027a57fd794",
            "assign_generated_ipv6_cidr_block": false,
            "cidr_block": "10.0.0.0/20",
            "default_network_acl_id": "acl-006ca124e9e25bfa4",
            "default_route_table_id": "rtb-01934297c5b81f60a",
            "default_security_group_id": "sg-0716f30794d8fc329",
            "dhcp_options_id": "dopt-03bff49729717297e",
            "enable_dns_hostnames": true,
            "enable_dns_support": true,
            "enable_network_address_usage_metrics": false,
            "id": "vpc-0a9a1e027a57fd794",
            "instance_tenancy": "default",
            "ipv4_ipam_pool_id": null,
            "ipv4_netmask_length": null,
            "ipv6_association_id": "",
            "ipv6_cidr_block": "",
            "ipv6_cidr_block_network_border_group": "",
            "ipv6_ipam_pool_id": "",
            "ipv6_netmask_length": 0,
            "main_route_table_id": "rtb-01934297c5b81f60a",
            "owner_id": "533266956918",
            "tags": {},
            "tags_all": {}
          },
          "sensitive_attributes": [],
          "private": "eyJzY2hlbWFfdmVyc2lvbiI6IjEifQ=="
        }
      ]
    },
    {
      "mode": "managed",
      "type": "docker_registry_image",
      "name": "go_example",
      "provider": "provider[\"registry.terraform.io/kreuzwerker/docker\"]",
      "instances": [
        {
          "schema_version": 0,
          "attributes": {
            "build": [
              {
                "auth_config": [],
                "build_args": null,
                "build_id": "",
                "cache_from": null,
                "cgroup_parent": "",
                "context": "./../app/.",
                "cpu_period": 0,
                "cpu_quota": 0,
                "cpu_set_cpus": "",
                "cpu_set_mems": "",
                "cpu_shares": 0,
                "dockerfile": "app/Dockerfile",
                "extra_hosts": null,
                "force_remove": false,
                "isolation": "",
                "labels": null,
                "memory": 0,
                "memory_swap": 0,
                "network_mode": "",
                "no_cache": true,
                "platform": "",
                "pull_parent": false,
                "remote_context": "",
                "remove": false,
                "security_opt": null,
                "session_id": "",
                "shm_size": 0,
                "squash": false,
                "suppress_output": false,
                "target": "",
                "ulimit": [],
                "version": ""
              }
            ],
            "id": "sha256:1d022f4cb6b59749c236daec596978619f89c756b2968a4ab83f44d053886e3a",
            "insecure_skip_verify": false,
            "keep_remotely": false,
            "name": "533266956918.dkr.ecr.us-west-2.amazonaws.com/goboard:v14",
            "sha256_digest": "sha256:1d022f4cb6b59749c236daec596978619f89c756b2968a4ab83f44d053886e3a"
          },
          "sensitive_attributes": [],
          "private": "bnVsbA==",
          "dependencies": [
            "aws_ecr_repository.go_server",
            "data.aws_ecr_authorization_token.go_server"
          ]
        }
      ]
    }
  ],
  "check_results": null
}
